
Microsoft Visual Studio Solution File, Format Version 12.00
# Visual Studio 14
VisualStudioVersion = 14.0.25420.1
MinimumVisualStudioVersion = 10.0.40219.1
Project("{FAE04EC0-301F-11D3-BF4B-00C04F79EFBC}") = "WPFGardenPlanner", "WPFGardenPlanner\WPFGardenPlanner.csproj", "{1E3DFAF6-9EBB-4FA3-8499-E783763A3E82}"
EndProject
Project("{FAE04EC0-301F-11D3-BF4B-00C04F79EFBC}") = "WPFGardenPlannerUnitTests", "WPFGardenPlannerUnitTests\WPFGardenPlannerUnitTests.csproj", "{A7B1CBCE-5C79-429A-B65D-DE859E3BCD6B}"
EndProject
Global
	GlobalSection(SolutionConfigurationPlatforms) = preSolution
		Debug|Any CPU = Debug|Any CPU
		Release|Any CPU = Release|Any CPU
	EndGlobalSection
	GlobalSection(ProjectConfigurationPlatforms) = postSolution
		{1E3DFAF6-9EBB-4FA3-8499-E783763A3E82}.Debug|Any CPU.ActiveCfg = Debug|Any CPU
		{1E3DFAF6-9EBB-4FA3-8499-E783763A3E82}.Debug|Any CPU.Build.0 = Debug|Any CPU
		{1E3DFAF6-9EBB-4FA3-8499-E783763A3E82}.Release|Any CPU.ActiveCfg = Release|Any CPU
		{1E3DFAF6-9EBB-4FA3-8499-E783763A3E82}.Release|Any CPU.Build.0 = Release|Any CPU
		{A7B1CBCE-5C79-429A-B65D-DE859E3BCD6B}.Debug|Any CPU.ActiveCfg = Debug|Any CPU
		{A7B1CBCE-5C79-429A-B65D-DE859E3BCD6B}.Debug|Any CPU.Build.0 = Debug|Any CPU
		{A7B1CBCE-5C79-429A-B65D-DE859E3BCD6B}.Release|Any CPU.ActiveCfg = Release|Any CPU
		{A7B1CBCE-5C79-429A-B65D-DE859E3BCD6B}.Release|Any CPU.Build.0 = Release|Any CPU
	EndGlobalSection
	GlobalSection(SolutionProperties) = preSolution
		HideSolutionNode = FALSE
	EndGlobalSection
EndGlobal
